
Microsoft Visual Studio Solution File, Format Version 12.00
# Visual Studio Version 17
VisualStudioVersion = 17.7.34024.191
MinimumVisualStudioVersion = 10.0.40219.1
Project("{FAE04EC0-301F-11D3-BF4B-00C04F79EFBC}") = "WebScrapperOpenAI", "WebScrapperOpenAI\WebScrapperOpenAI.csproj", "{3ADAC8F4-2957-442F-8C8A-01417528DB4F}"
EndProject
Global
	GlobalSection(SolutionConfigurationPlatforms) = preSolution
		Debug|Any CPU = Debug|Any CPU
		Release|Any CPU = Release|Any CPU
	EndGlobalSection
	GlobalSection(ProjectConfigurationPlatforms) = postSolution
		{3ADAC8F4-2957-442F-8C8A-01417528DB4F}.Debug|Any CPU.ActiveCfg = Debug|Any CPU
		{3ADAC8F4-2957-442F-8C8A-01417528DB4F}.Debug|Any CPU.Build.0 = Debug|Any CPU
		{3ADAC8F4-2957-442F-8C8A-01417528DB4F}.Release|Any CPU.ActiveCfg = Release|Any CPU
		{3ADAC8F4-2957-442F-8C8A-01417528DB4F}.Release|Any CPU.Build.0 = Release|Any CPU
	EndGlobalSection
	GlobalSection(SolutionProperties) = preSolution
		HideSolutionNode = FALSE
	EndGlobalSection
	GlobalSection(ExtensibilityGlobals) = postSolution
		SolutionGuid = {04A25FD8-F6CA-4617-B5D2-237AD445A880}
	EndGlobalSection
EndGlobal
